
Microsoft Visual Studio Solution File, Format Version 12.00
# Visual Studio Version 16
VisualStudioVersion = 25.0.1703.1
MinimumVisualStudioVersion = 10.0.40219.1
Project("{FAE04EC0-301F-11D3-BF4B-00C04F79EFBC}") = "LeetCodeAlgorithms", "LeetCodeAlgorithms\LeetCodeAlgorithms.csproj", "{130E867C-4948-46BE-8297-0315C6B57ACB}"
EndProject
Global
	GlobalSection(SolutionConfigurationPlatforms) = preSolution
		Debug|Any CPU = Debug|Any CPU
		Release|Any CPU = Release|Any CPU
	EndGlobalSection
	GlobalSection(ProjectConfigurationPlatforms) = postSolution
		{130E867C-4948-46BE-8297-0315C6B57ACB}.Debug|Any CPU.ActiveCfg = Debug|Any CPU
		{130E867C-4948-46BE-8297-0315C6B57ACB}.Debug|Any CPU.Build.0 = Debug|Any CPU
		{130E867C-4948-46BE-8297-0315C6B57ACB}.Release|Any CPU.ActiveCfg = Release|Any CPU
		{130E867C-4948-46BE-8297-0315C6B57ACB}.Release|Any CPU.Build.0 = Release|Any CPU
	EndGlobalSection
	GlobalSection(SolutionProperties) = preSolution
		HideSolutionNode = FALSE
	EndGlobalSection
	GlobalSection(ExtensibilityGlobals) = postSolution
		SolutionGuid = {700E400A-5334-474B-BA83-6125529F6B9F}
	EndGlobalSection
EndGlobal
